// !$*UTF8*$!
{
	archiveVersion = 1;
	classes = {
	};
	objectVersion = 77;
	objects = {

/* Begin PBXContainerItemProxy section */
		9644AECE2DAAC7AE009C9B82 /* PBXContainerItemProxy */ = {
			isa = PBXContainerItemProxy;
			containerPortal = 9644AEB72DAAC7AD009C9B82 /* Project object */;
			proxyType = 1;
			remoteGlobalIDString = 9644AEBE2DAAC7AD009C9B82;
			remoteInfo = DynamicHelper;
		};
		9644AED82DAAC7AE009C9B82 /* PBXContainerItemProxy */ = {
			isa = PBXContainerItemProxy;
			containerPortal = 9644AEB72DAAC7AD009C9B82 /* Project object */;
			proxyType = 1;
			remoteGlobalIDString = 9644AEBE2DAAC7AD009C9B82;
			remoteInfo = DynamicHelper;
		};
/* End PBXContainerItemProxy section */

/* Begin PBXFileReference section */
		9644AEBF2DAAC7AD009C9B82 /* DynamicHelper.app */ = {isa = PBXFileReference; explicitFileType = wrapper.application; includeInIndex = 0; path = DynamicHelper.app; sourceTree = BUILT_PRODUCTS_DIR; };
		9644AECD2DAAC7AE009C9B82 /* DynamicHelperTests.xctest */ = {isa = PBXFileReference; explicitFileType = wrapper.cfbundle; includeInIndex = 0; path = DynamicHelperTests.xctest; sourceTree = BUILT_PRODUCTS_DIR; };
		9644AED72DAAC7AE009C9B82 /* DynamicHelperUITests.xctest */ = {isa = PBXFileReference; explicitFileType = wrapper.cfbundle; includeInIndex = 0; path = DynamicHelperUITests.xctest; sourceTree = BUILT_PRODUCTS_DIR; };
/* End PBXFileReference section */

/* Begin PBXFileSystemSynchronizedRootGroup section */
		9644AEC12DAAC7AD009C9B82 /* DynamicHelper */ = {
			isa = PBXFileSystemSynchronizedRootGroup;
			path = DynamicHelper;
			sourceTree = "<group>";
		};
		9644AED02DAAC7AE009C9B82 /* DynamicHelperTests */ = {
			isa = PBXFileSystemSynchronizedRootGroup;
			path = DynamicHelperTests;
			sourceTree = "<group>";
		};
		9644AEDA2DAAC7AE009C9B82 /* DynamicHelperUITests */ = {
			isa = PBXFileSystemSynchronizedRootGroup;
			path = DynamicHelperUITests;
			sourceTree = "<group>";
		};
/* End PBXFileSystemSynchronizedRootGroup section */

/* Begin PBXFrameworksBuildPhase section */
		9644AEBC2DAAC7AD009C9B82 /* Frameworks */ = {
			isa = PBXFrameworksBuildPhase;
			buildActionMask = 2147483647;
			files = (
			);
			runOnlyForDeploymentPostprocessing = 0;
		};
		9644AECA2DAAC7AE009C9B82 /* Frameworks */ = {
			isa = PBXFrameworksBuildPhase;
			buildActionMask = 2147483647;
			files = (
			);
			runOnlyForDeploymentPostprocessing = 0;
		};
		9644AED42DAAC7AE009C9B82 /* Frameworks */ = {
			isa = PBXFrameworksBuildPhase;
			buildActionMask = 2147483647;
			files = (
			);
			runOnlyForDeploymentPostprocessing = 0;
		};
/* End PBXFrameworksBuildPhase section */

/* Begin PBXGroup section */
		9644AEB62DAAC7AD009C9B82 = {
			isa = PBXGroup;
			children = (
				9644AEC12DAAC7AD009C9B82 /* DynamicHelper */,
				9644AED02DAAC7AE009C9B82 /* DynamicHelperTests */,
				9644AEDA2DAAC7AE009C9B82 /* DynamicHelperUITests */,
				9644AEC02DAAC7AD009C9B82 /* Products */,
			);
			sourceTree = "<group>";
		};
		9644AEC02DAAC7AD009C9B82 /* Products */ = {
			isa = PBXGroup;
			children = (
				9644AEBF2DAAC7AD009C9B82 /* DynamicHelper.app */,
				9644AECD2DAAC7AE009C9B82 /* DynamicHelperTests.xctest */,
				9644AED72DAAC7AE009C9B82 /* DynamicHelperUITests.xctest */,
			);
			name = Products;
			sourceTree = "<group>";
		};
/* End PBXGroup section */

/* Begin PBXNativeTarget section */
		9644AEBE2DAAC7AD009C9B82 /* DynamicHelper */ = {
			isa = PBXNativeTarget;
			buildConfigurationList = 9644AEE12DAAC7AE009C9B82 /* Build configuration list for PBXNativeTarget "DynamicHelper" */;
			buildPhases = (
				9644AEBB2DAAC7AD009C9B82 /* Sources */,
				9644AEBC2DAAC7AD009C9B82 /* Frameworks */,
				9644AEBD2DAAC7AD009C9B82 /* Resources */,
			);
			buildRules = (
			);
			dependencies = (
			);
			fileSystemSynchronizedGroups = (
				9644AEC12DAAC7AD009C9B82 /* DynamicHelper */,
			);
			name = DynamicHelper;
			packageProductDependencies = (
			);
			productName = DynamicHelper;
			productReference = 9644AEBF2DAAC7AD009C9B82 /* DynamicHelper.app */;
			productType = "com.apple.product-type.application";
		};
		9644AECC2DAAC7AE009C9B82 /* DynamicHelperTests */ = {
			isa = PBXNativeTarget;
			buildConfigurationList = 9644AEE42DAAC7AE009C9B82 /* Build configuration list for PBXNativeTarget "DynamicHelperTests" */;
			buildPhases = (
				9644AEC92DAAC7AE009C9B82 /* Sources */,
				9644AECA2DAAC7AE009C9B82 /* Frameworks */,
				9644AECB2DAAC7AE009C9B82 /* Resources */,
			);
			buildRules = (
			);
			dependencies = (
				9644AECF2DAAC7AE009C9B82 /* PBXTargetDependency */,
			);
			fileSystemSynchronizedGroups = (
				9644AED02DAAC7AE009C9B82 /* DynamicHelperTests */,
			);
			name = DynamicHelperTests;
			packageProductDependencies = (
			);
			productName = DynamicHelperTests;
			productReference = 9644AECD2DAAC7AE009C9B82 /* DynamicHelperTests.xctest */;
			productType = "com.apple.product-type.bundle.unit-test";
		};
		9644AED62DAAC7AE009C9B82 /* DynamicHelperUITests */ = {
			isa = PBXNativeTarget;
			buildConfigurationList = 9644AEE72DAAC7AE009C9B82 /* Build configuration list for PBXNativeTarget "DynamicHelperUITests" */;
			buildPhases = (
				9644AED32DAAC7AE009C9B82 /* Sources */,
				9644AED42DAAC7AE009C9B82 /* Frameworks */,
				9644AED52DAAC7AE009C9B82 /* Resources */,
			);
			buildRules = (
			);
			dependencies = (
				9644AED92DAAC7AE009C9B82 /* PBXTargetDependency */,
			);
			fileSystemSynchronizedGroups = (
				9644AEDA2DAAC7AE009C9B82 /* DynamicHelperUITests */,
			);
			name = DynamicHelperUITests;
			packageProductDependencies = (
			);
			productName = DynamicHelperUITests;
			productReference = 9644AED72DAAC7AE009C9B82 /* DynamicHelperUITests.xctest */;
			productType = "com.apple.product-type.bundle.ui-testing";
		};
/* End PBXNativeTarget section */

/* Begin PBXProject section */
		9644AEB72DAAC7AD009C9B82 /* Project object */ = {
			isa = PBXProject;
			attributes = {
				BuildIndependentTargetsInParallel = 1;
				KnownAssetTags = (
					New,
				);
				LastSwiftUpdateCheck = 1630;
				LastUpgradeCheck = 1630;
				TargetAttributes = {
					9644AEBE2DAAC7AD009C9B82 = {
						CreatedOnToolsVersion = 16.3;
						LastSwiftMigration = 1630;
					};
					9644AECC2DAAC7AE009C9B82 = {
						CreatedOnToolsVersion = 16.3;
						TestTargetID = 9644AEBE2DAAC7AD009C9B82;
					};
					9644AED62DAAC7AE009C9B82 = {
						CreatedOnToolsVersion = 16.3;
						TestTargetID = 9644AEBE2DAAC7AD009C9B82;
					};
				};
			};
			buildConfigurationList = 9644AEBA2DAAC7AD009C9B82 /* Build configuration list for PBXProject "DynamicHelper" */;
			developmentRegion = en;
			hasScannedForEncodings = 0;
			knownRegions = (
				en,
				Base,
			);
			mainGroup = 9644AEB62DAAC7AD009C9B82;
			minimizedProjectReferenceProxies = 1;
			preferredProjectObjectVersion = 77;
			productRefGroup = 9644AEC02DAAC7AD009C9B82 /* Products */;
			projectDirPath = "";
			projectRoot = "";
			targets = (
				9644AEBE2DAAC7AD009C9B82 /* DynamicHelper */,
				9644AECC2DAAC7AE009C9B82 /* DynamicHelperTests */,
				9644AED62DAAC7AE009C9B82 /* DynamicHelperUITests */,
			);
		};
/* End PBXProject section */

/* Begin PBXResourcesBuildPhase section */
		9644AEBD2DAAC7AD009C9B82 /* Resources */ = {
			isa = PBXResourcesBuildPhase;
			buildActionMask = 2147483647;
			files = (
			);
			runOnlyForDeploymentPostprocessing = 0;
		};
		9644AECB2DAAC7AE009C9B82 /* Resources */ = {
			isa = PBXResourcesBuildPhase;
			buildActionMask = 2147483647;
			files = (
			);
			runOnlyForDeploymentPostprocessing = 0;
		};
		9644AED52DAAC7AE009C9B82 /* Resources */ = {
			isa = PBXResourcesBuildPhase;
			buildActionMask = 2147483647;
			files = (
			);
			runOnlyForDeploymentPostprocessing = 0;
		};
/* End PBXResourcesBuildPhase section */

/* Begin PBXSourcesBuildPhase section */
		9644AEBB2DAAC7AD009C9B82 /* Sources */ = {
			isa = PBXSourcesBuildPhase;
			buildActionMask = 2147483647;
			files = (
			);
			runOnlyForDeploymentPostprocessing = 0;
		};
		9644AEC92DAAC7AE009C9B82 /* Sources */ = {
			isa = PBXSourcesBuildPhase;
			buildActionMask = 2147483647;
			files = (
			);
			runOnlyForDeploymentPostprocessing = 0;
		};
		9644AED32DAAC7AE009C9B82 /* Sources */ = {
			isa = PBXSourcesBuildPhase;
			buildActionMask = 2147483647;
			files = (
			);
			runOnlyForDeploymentPostprocessing = 0;
		};
/* End PBXSourcesBuildPhase section */

/* Begin PBXTargetDependency section */
		9644AECF2DAAC7AE009C9B82 /* PBXTargetDependency */ = {
			isa = PBXTargetDependency;
			target = 9644AEBE2DAAC7AD009C9B82 /* DynamicHelper */;
			targetProxy = 9644AECE2DAAC7AE009C9B82 /* PBXContainerItemProxy */;
		};
		9644AED92DAAC7AE009C9B82 /* PBXTargetDependency */ = {
			isa = PBXTargetDependency;
			target = 9644AEBE2DAAC7AD009C9B82 /* DynamicHelper */;
			targetProxy = 9644AED82DAAC7AE009C9B82 /* PBXContainerItemProxy */;
		};
/* End PBXTargetDependency section */

/* Begin XCBuildConfiguration section */
		9644AEDF2DAAC7AE009C9B82 /* Debug */ = {
			isa = XCBuildConfiguration;
			buildSettings = {
				ALWAYS_SEARCH_USER_PATHS = NO;
				ASSETCATALOG_COMPILER_GENERATE_SWIFT_ASSET_SYMBOL_EXTENSIONS = YES;
				CLANG_ANALYZER_NONNULL = YES;
				CLANG_ANALYZER_NUMBER_OBJECT_CONVERSION = YES_AGGRESSIVE;
				CLANG_CXX_LANGUAGE_STANDARD = "gnu++20";
				CLANG_ENABLE_MODULES = YES;
				CLANG_ENABLE_OBJC_ARC = YES;
				CLANG_ENABLE_OBJC_WEAK = YES;
				CLANG_WARN_BLOCK_CAPTURE_AUTORELEASING = YES;
				CLANG_WARN_BOOL_CONVERSION = YES;
				CLANG_WARN_COMMA = YES;
				CLANG_WARN_CONSTANT_CONVERSION = YES;
				CLANG_WARN_DEPRECATED_OBJC_IMPLEMENTATIONS = YES;
				CLANG_WARN_DIRECT_OBJC_ISA_USAGE = YES_ERROR;
				CLANG_WARN_DOCUMENTATION_COMMENTS = YES;
				CLANG_WARN_EMPTY_BODY = YES;
				CLANG_WARN_ENUM_CONVERSION = YES;
				CLANG_WARN_INFINITE_RECURSION = YES;
				CLANG_WARN_INT_CONVERSION = YES;
				CLANG_WARN_NON_LITERAL_NULL_CONVERSION = YES;
				CLANG_WARN_OBJC_IMPLICIT_RETAIN_SELF = YES;
				CLANG_WARN_OBJC_LITERAL_CONVERSION = YES;
				CLANG_WARN_OBJC_ROOT_CLASS = YES_ERROR;
				CLANG_WARN_QUOTED_INCLUDE_IN_FRAMEWORK_HEADER = YES;
				CLANG_WARN_RANGE_LOOP_ANALYSIS = YES;
				CLANG_WARN_STRICT_PROTOTYPES = YES;
				CLANG_WARN_SUSPICIOUS_MOVE = YES;
				CLANG_WARN_UNGUARDED_AVAILABILITY = YES_AGGRESSIVE;
				CLANG_WARN_UNREACHABLE_CODE = YES;
				CLANG_WARN__DUPLICATE_METHOD_MATCH = YES;
				COPY_PHASE_STRIP = NO;
				DEBUG_INFORMATION_FORMAT = dwarf;
				DEVELOPMENT_TEAM = 4VW46LVA56;
				ENABLE_STRICT_OBJC_MSGSEND = YES;
				ENABLE_TESTABILITY = YES;
				ENABLE_USER_SCRIPT_SANDBOXING = YES;
				GCC_C_LANGUAGE_STANDARD = gnu17;
				GCC_DYNAMIC_NO_PIC = NO;
				GCC_NO_COMMON_BLOCKS = YES;
				GCC_OPTIMIZATION_LEVEL = 0;
				GCC_PREPROCESSOR_DEFINITIONS = (
					"DEBUG=1",
					"$(inherited)",
				);
				GCC_WARN_64_TO_32_BIT_CONVERSION = YES;
				GCC_WARN_ABOUT_RETURN_TYPE = YES_ERROR;
				GCC_WARN_UNDECLARED_SELECTOR = YES;
				GCC_WARN_UNINITIALIZED_AUTOS = YES_AGGRESSIVE;
				GCC_WARN_UNUSED_FUNCTION = YES;
				GCC_WARN_UNUSED_VARIABLE = YES;
				LOCALIZATION_PREFERS_STRING_CATALOGS = YES;
				MACOSX_DEPLOYMENT_TARGET = 15.4;
				MTL_ENABLE_DEBUG_INFO = INCLUDE_SOURCE;
				MTL_FAST_MATH = YES;
				ONLY_ACTIVE_ARCH = YES;
				SDKROOT = macosx;
				SWIFT_ACTIVE_COMPILATION_CONDITIONS = "DEBUG $(inherited)";
				SWIFT_OPTIMIZATION_LEVEL = "-Onone";
			};
			name = Debug;
		};
		9644AEE02DAAC7AE009C9B82 /* Release */ = {
			isa = XCBuildConfiguration;
			buildSettings = {
				ALWAYS_SEARCH_USER_PATHS = NO;
				ASSETCATALOG_COMPILER_GENERATE_SWIFT_ASSET_SYMBOL_EXTENSIONS = YES;
				CLANG_ANALYZER_NONNULL = YES;
				CLANG_ANALYZER_NUMBER_OBJECT_CONVERSION = YES_AGGRESSIVE;
				CLANG_CXX_LANGUAGE_STANDARD = "gnu++20";
				CLANG_ENABLE_MODULES = YES;
				CLANG_ENABLE_OBJC_ARC = YES;
				CLANG_ENABLE_OBJC_WEAK = YES;
				CLANG_WARN_BLOCK_CAPTURE_AUTORELEASING = YES;
				CLANG_WARN_BOOL_CONVERSION = YES;
				CLANG_WARN_COMMA = YES;
				CLANG_WARN_CONSTANT_CONVERSION = YES;
				CLANG_WARN_DEPRECATED_OBJC_IMPLEMENTATIONS = YES;
				CLANG_WARN_DIRECT_OBJC_ISA_USAGE = YES_ERROR;
				CLANG_WARN_DOCUMENTATION_COMMENTS = YES;
				CLANG_WARN_EMPTY_BODY = YES;
				CLANG_WARN_ENUM_CONVERSION = YES;
				CLANG_WARN_INFINITE_RECURSION = YES;
				CLANG_WARN_INT_CONVERSION = YES;
				CLANG_WARN_NON_LITERAL_NULL_CONVERSION = YES;
				CLANG_WARN_OBJC_IMPLICIT_RETAIN_SELF = YES;
				CLANG_WARN_OBJC_LITERAL_CONVERSION = YES;
				CLANG_WARN_OBJC_ROOT_CLASS = YES_ERROR;
				CLANG_WARN_QUOTED_INCLUDE_IN_FRAMEWORK_HEADER = YES;
				CLANG_WARN_RANGE_LOOP_ANALYSIS = YES;
				CLANG_WARN_STRICT_PROTOTYPES = YES;
				CLANG_WARN_SUSPICIOUS_MOVE = YES;
				CLANG_WARN_UNGUARDED_AVAILABILITY = YES_AGGRESSIVE;
				CLANG_WARN_UNREACHABLE_CODE = YES;
				CLANG_WARN__DUPLICATE_METHOD_MATCH = YES;
				COPY_PHASE_STRIP = NO;
				DEBUG_INFORMATION_FORMAT = "dwarf-with-dsym";
				DEVELOPMENT_TEAM = 4VW46LVA56;
				ENABLE_NS_ASSERTIONS = NO;
				ENABLE_STRICT_OBJC_MSGSEND = YES;
				ENABLE_USER_SCRIPT_SANDBOXING = YES;
				GCC_C_LANGUAGE_STANDARD = gnu17;
				GCC_NO_COMMON_BLOCKS = YES;
				GCC_WARN_64_TO_32_BIT_CONVERSION = YES;
				GCC_WARN_ABOUT_RETURN_TYPE = YES_ERROR;
				GCC_WARN_UNDECLARED_SELECTOR = YES;
				GCC_WARN_UNINITIALIZED_AUTOS = YES_AGGRESSIVE;
				GCC_WARN_UNUSED_FUNCTION = YES;
				GCC_WARN_UNUSED_VARIABLE = YES;
				LOCALIZATION_PREFERS_STRING_CATALOGS = YES;
				MACOSX_DEPLOYMENT_TARGET = 15.4;
				MTL_ENABLE_DEBUG_INFO = NO;
				MTL_FAST_MATH = YES;
				SDKROOT = macosx;
				SWIFT_COMPILATION_MODE = wholemodule;
			};
			name = Release;
		};
		9644AEE22DAAC7AE009C9B82 /* Debug */ = {
			isa = XCBuildConfiguration;
			buildSettings = {
				ASSETCATALOG_COMPILER_APPICON_NAME = AppIcon;
				ASSETCATALOG_COMPILER_GLOBAL_ACCENT_COLOR_NAME = AccentColor;
				ASSETCATALOG_COMPILER_INCLUDE_ALL_APPICON_ASSETS = NO;
				CLANG_ENABLE_MODULES = YES;
				CODE_SIGN_ENTITLEMENTS = DynamicHelper/DynamicHelper.entitlements;
				CODE_SIGN_STYLE = Automatic;
				COMBINE_HIDPI_IMAGES = YES;
				CURRENT_PROJECT_VERSION = 0;
				DEVELOPMENT_TEAM = 4VW46LVA56;
				ENABLE_HARDENED_RUNTIME = YES;
				ENABLE_PREVIEWS = YES;
				GENERATE_INFOPLIST_FILE = YES;
				INFOPLIST_KEY_LSApplicationCategoryType = "public.app-category.productivity";
				INFOPLIST_KEY_LSUIElement = YES;
				INFOPLIST_KEY_NSHumanReadableCopyright = "";
				LD_RUNPATH_SEARCH_PATHS = (
					"$(inherited)",
					"@executable_path/../Frameworks",
				);
				MACOSX_DEPLOYMENT_TARGET = 15.0;
				MARKETING_VERSION = 1.2.4;
				PRODUCT_BUNDLE_IDENTIFIER = com.jason.DynamicHelper;
				PRODUCT_NAME = "$(TARGET_NAME)";
				REGISTER_APP_GROUPS = YES;
				SWIFT_EMIT_LOC_STRINGS = YES;
				SWIFT_OBJC_BRIDGING_HEADER = "DynamicHelper/DynamicHelper-Bridging-Header.h";
				SWIFT_OPTIMIZATION_LEVEL = "-Onone";
				SWIFT_VERSION = 5.0;
			};
			name = Debug;
		};
		9644AEE32DAAC7AE009C9B82 /* Release */ = {
			isa = XCBuildConfiguration;
			buildSettings = {
				ASSETCATALOG_COMPILER_APPICON_NAME = AppIcon;
				ASSETCATALOG_COMPILER_GLOBAL_ACCENT_COLOR_NAME = AccentColor;
				ASSETCATALOG_COMPILER_INCLUDE_ALL_APPICON_ASSETS = NO;
				CLANG_ENABLE_MODULES = YES;
				CODE_SIGN_ENTITLEMENTS = DynamicHelper/DynamicHelper.entitlements;
				CODE_SIGN_STYLE = Automatic;
				COMBINE_HIDPI_IMAGES = YES;
				CURRENT_PROJECT_VERSION = 0;
				DEVELOPMENT_TEAM = 4VW46LVA56;
				ENABLE_HARDENED_RUNTIME = YES;
				ENABLE_PREVIEWS = YES;
				GENERATE_INFOPLIST_FILE = YES;
				INFOPLIST_KEY_LSApplicationCategoryType = "public.app-category.productivity";
				INFOPLIST_KEY_LSUIElement = YES;
				INFOPLIST_KEY_NSHumanReadableCopyright = "";
				LD_RUNPATH_SEARCH_PATHS = (
					"$(inherited)",
					"@executable_path/../Frameworks",
				);
				MACOSX_DEPLOYMENT_TARGET = 15.0;
				MARKETING_VERSION = 1.2.4;
				PRODUCT_BUNDLE_IDENTIFIER = com.jason.DynamicHelper;
				PRODUCT_NAME = "$(TARGET_NAME)";
				REGISTER_APP_GROUPS = YES;
				SWIFT_EMIT_LOC_STRINGS = YES;
				SWIFT_OBJC_BRIDGING_HEADER = "DynamicHelper/DynamicHelper-Bridging-Header.h";
				SWIFT_VERSION = 5.0;
			};
			name = Release;
		};
		9644AEE52DAAC7AE009C9B82 /* Debug */ = {
			isa = XCBuildConfiguration;
			buildSettings = {
				BUNDLE_LOADER = "$(TEST_HOST)";
				CODE_SIGN_STYLE = Automatic;
				CURRENT_PROJECT_VERSION = 1;
				DEVELOPMENT_TEAM = 4VW46LVA56;
				GENERATE_INFOPLIST_FILE = YES;
				MACOSX_DEPLOYMENT_TARGET = 15.4;
				MARKETING_VERSION = 1.0;
				PRODUCT_BUNDLE_IDENTIFIER = com.jason.DynamicHelperTests;
				PRODUCT_NAME = "$(TARGET_NAME)";
				SWIFT_EMIT_LOC_STRINGS = NO;
				SWIFT_VERSION = 5.0;
				TEST_HOST = "$(BUILT_PRODUCTS_DIR)/DynamicHelper.app/$(BUNDLE_EXECUTABLE_FOLDER_PATH)/DynamicHelper";
			};
			name = Debug;
		};
		9644AEE62DAAC7AE009C9B82 /* Release */ = {
			isa = XCBuildConfiguration;
			buildSettings = {
				BUNDLE_LOADER = "$(TEST_HOST)";
				CODE_SIGN_STYLE = Automatic;
				CURRENT_PROJECT_VERSION = 1;
				DEVELOPMENT_TEAM = 4VW46LVA56;
				GENERATE_INFOPLIST_FILE = YES;
				MACOSX_DEPLOYMENT_TARGET = 15.4;
				MARKETING_VERSION = 1.0;
				PRODUCT_BUNDLE_IDENTIFIER = com.jason.DynamicHelperTests;
				PRODUCT_NAME = "$(TARGET_NAME)";
				SWIFT_EMIT_LOC_STRINGS = NO;
				SWIFT_VERSION = 5.0;
				TEST_HOST = "$(BUILT_PRODUCTS_DIR)/DynamicHelper.app/$(BUNDLE_EXECUTABLE_FOLDER_PATH)/DynamicHelper";
			};
			name = Release;
		};
		9644AEE82DAAC7AE009C9B82 /* Debug */ = {
			isa = XCBuildConfiguration;
			buildSettings = {
				CODE_SIGN_STYLE = Automatic;
				CURRENT_PROJECT_VERSION = 1;
				DEVELOPMENT_TEAM = 4VW46LVA56;
				GENERATE_INFOPLIST_FILE = YES;
				MARKETING_VERSION = 1.0;
				PRODUCT_BUNDLE_IDENTIFIER = com.jason.DynamicHelperUITests;
				PRODUCT_NAME = "$(TARGET_NAME)";
				SWIFT_EMIT_LOC_STRINGS = NO;
				SWIFT_VERSION = 5.0;
				TEST_TARGET_NAME = DynamicHelper;
			};
			name = Debug;
		};
		9644AEE92DAAC7AE009C9B82 /* Release */ = {
			isa = XCBuildConfiguration;
			buildSettings = {
				CODE_SIGN_STYLE = Automatic;
				CURRENT_PROJECT_VERSION = 1;
				DEVELOPMENT_TEAM = 4VW46LVA56;
				GENERATE_INFOPLIST_FILE = YES;
				MARKETING_VERSION = 1.0;
				PRODUCT_BUNDLE_IDENTIFIER = com.jason.DynamicHelperUITests;
				PRODUCT_NAME = "$(TARGET_NAME)";
				SWIFT_EMIT_LOC_STRINGS = NO;
				SWIFT_VERSION = 5.0;
				TEST_TARGET_NAME = DynamicHelper;
			};
			name = Release;
		};
/* End XCBuildConfiguration section */

/* Begin XCConfigurationList section */
		9644AEBA2DAAC7AD009C9B82 /* Build configuration list for PBXProject "DynamicHelper" */ = {
			isa = XCConfigurationList;
			buildConfigurations = (
				9644AEDF2DAAC7AE009C9B82 /* Debug */,
				9644AEE02DAAC7AE009C9B82 /* Release */,
			);
			defaultConfigurationIsVisible = 0;
			defaultConfigurationName = Release;
		};
		9644AEE12DAAC7AE009C9B82 /* Build configuration list for PBXNativeTarget "DynamicHelper" */ = {
			isa = XCConfigurationList;
			buildConfigurations = (
				9644AEE22DAAC7AE009C9B82 /* Debug */,
				9644AEE32DAAC7AE009C9B82 /* Release */,
			);
			defaultConfigurationIsVisible = 0;
			defaultConfigurationName = Release;
		};
		9644AEE42DAAC7AE009C9B82 /* Build configuration list for PBXNativeTarget "DynamicHelperTests" */ = {
			isa = XCConfigurationList;
			buildConfigurations = (
				9644AEE52DAAC7AE009C9B82 /* Debug */,
				9644AEE62DAAC7AE009C9B82 /* Release */,
			);
			defaultConfigurationIsVisible = 0;
			defaultConfigurationName = Release;
		};
		9644AEE72DAAC7AE009C9B82 /* Build configuration list for PBXNativeTarget "DynamicHelperUITests" */ = {
			isa = XCConfigurationList;
			buildConfigurations = (
				9644AEE82DAAC7AE009C9B82 /* Debug */,
				9644AEE92DAAC7AE009C9B82 /* Release */,
			);
			defaultConfigurationIsVisible = 0;
			defaultConfigurationName = Release;
		};
/* End XCConfigurationList section */
	};
	rootObject = 9644AEB72DAAC7AD009C9B82 /* Project object */;
}
